
Microsoft Visual Studio Solution File, Format Version 12.00
# Visual Studio Version 17
VisualStudioVersion = 17.8.34330.188
MinimumVisualStudioVersion = 10.0.40219.1
Project("{FAE04EC0-301F-11D3-BF4B-00C04F79EFBC}") = "WebÖdevi", "Arslan309Web\WebÖdevi.csproj", "{5F484B1D-309D-46D0-BF24-E4911E10B4A3}"
EndProject
Global
	GlobalSection(SolutionConfigurationPlatforms) = preSolution
		Debug|Any CPU = Debug|Any CPU
		Release|Any CPU = Release|Any CPU
	EndGlobalSection
	GlobalSection(ProjectConfigurationPlatforms) = postSolution
		{5F484B1D-309D-46D0-BF24-E4911E10B4A3}.Debug|Any CPU.ActiveCfg = Debug|Any CPU
		{5F484B1D-309D-46D0-BF24-E4911E10B4A3}.Debug|Any CPU.Build.0 = Debug|Any CPU
		{5F484B1D-309D-46D0-BF24-E4911E10B4A3}.Release|Any CPU.ActiveCfg = Release|Any CPU
		{5F484B1D-309D-46D0-BF24-E4911E10B4A3}.Release|Any CPU.Build.0 = Release|Any CPU
	EndGlobalSection
	GlobalSection(SolutionProperties) = preSolution
		HideSolutionNode = FALSE
	EndGlobalSection
	GlobalSection(ExtensibilityGlobals) = postSolution
		SolutionGuid = {72335DDB-6B6F-4F7E-BB48-34CBBC7AD59F}
	EndGlobalSection
EndGlobal
